<?xml version="1.0" encoding="UTF-8" standalone="yes" ?>
<CodeBlocks_project_file>
	<FileVersion major="1" minor="6" />
	<Project>
		<Option title="bloodigitalwatch" />
		<Option platforms="Windows;" />
		<Option execution_dir="F:/dev/projects/scrsvr_watch/src/" />
		<Option pch_mode="2" />
		<Option compiler="gnu_gcc_compiler_630" />
		<Build>
			<Target title="Debug">
				<Option platforms="Windows;" />
				<Option output="bin/Debug/scrsv_watch.scr" prefix_auto="1" extension_auto="0" />
				<Option object_output="obj/Debug/" />
				<Option type="1" />
				<Option compiler="gnu_gcc_compiler_630" />
				<Option parameters="-s" />
				<Compiler>
					<Add option="-g" />
				</Compiler>
			</Target>
			<Target title="Release">
				<Option platforms="Windows;" />
				<Option output="bin/Release/scrsv_watch.scr" prefix_auto="1" extension_auto="0" />
				<Option object_output="obj/Release/" />
				<Option type="0" />
				<Option compiler="gnu_gcc_compiler_630" />
				<Option parameters="-s" />
				<Compiler>
					<Add option="-O2" />
				</Compiler>
				<Linker>
					<Add option="-s" />
				</Linker>
			</Target>
			<Target title="Debug[scr]">
				<Option platforms="Windows;" />
				<Option output="bin/Debug/scrsv_watch[scr].scr" prefix_auto="1" extension_auto="0" />
				<Option object_output="obj/Debug/" />
				<Option type="1" />
				<Option compiler="gnu_gcc_compiler_630" />
				<Option parameters="-s" />
				<Compiler>
					<Add option="-g" />
				</Compiler>
			</Target>
			<Target title="Release[scr]">
				<Option platforms="Windows;" />
				<Option output="bin/Release/scrsv_watch[scr].scr" prefix_auto="1" extension_auto="0" />
				<Option object_output="obj/Release/" />
				<Option type="0" />
				<Option compiler="gnu_gcc_compiler_630" />
				<Option parameters="-s" />
				<Compiler>
					<Add option="-O2" />
				</Compiler>
				<Linker>
					<Add option="-s" />
				</Linker>
			</Target>
			<Target title="ReleaseDialog">
				<Option platforms="Windows;" />
				<Option output="bin/Release/scrsv_watch.v01.scr" prefix_auto="1" extension_auto="0" />
				<Option object_output="obj/Release/" />
				<Option type="0" />
				<Option compiler="gnu_gcc_compiler_630" />
				<Option parameters="-c" />
				<Compiler>
					<Add option="-O2" />
				</Compiler>
				<Linker>
					<Add option="-s" />
				</Linker>
			</Target>
		</Build>
		<Compiler>
			<Add option="-Wall" />
			<Add option="-Wl,-rpath" />
		</Compiler>
		<ResourceCompiler>
			<Add option="--def=main_win.def" />
		</ResourceCompiler>
		<Linker>
			<Add option="-static-libgcc -static-libstdc++" />
			<Add library="scrnsave" />
			<Add library="comdlg32" />
			<Add library="comctl32" />
			<Add library="opengl32" />
			<Add library="glu32" />
			<Add library="gdiplus" />
			<Add library="gdi32" />
		</Linker>
		<Unit filename="SimpleIni.h" />
		<Unit filename="icon.ico" />
		<Unit filename="main.h">
			<Option target="Debug" />
			<Option target="Release" />
			<Option target="Debug[scr]" />
			<Option target="Release[scr]" />
		</Unit>
		<Unit filename="main_scr.cpp">
			<Option compilerVar="CC" />
			<Option target="Release[scr]" />
			<Option target="Debug[scr]" />
		</Unit>
		<Unit filename="main_win.cpp">
			<Option target="Debug" />
			<Option target="Release" />
			<Option target="ReleaseDialog" />
		</Unit>
		<Unit filename="main_win.def" />
		<Unit filename="resource.h" />
		<Unit filename="resources.rc">
			<Option compilerVar="WINDRES" />
		</Unit>
		<Unit filename="version.h" />
		<Extensions>
			<AutoVersioning>
				<Scheme minor_max="10" build_max="0" rev_max="0" rev_rand_max="10" build_times_to_increment_minor="100" />
				<Settings autoincrement="1" date_declarations="1" use_define="0" update_manifest="0" do_auto_increment="0" ask_to_increment="0" language="C++" svn="0" svn_directory="" header_path="version.h" />
				<Changes_Log show_changes_editor="0" app_title="released version %M.%m.%b of %p" changeslog_path="ChangesLog.txt" />
				<Code header_guard="VERSION_H" namespace="AutoVersion" prefix="" />
			</AutoVersioning>
			<DoxyBlocks>
				<comment_style block="0" line="0" />
				<doxyfile_project output_language="" />
				<doxyfile_build />
				<doxyfile_warnings />
				<doxyfile_output />
				<doxyfile_dot />
				<general />
			</DoxyBlocks>
			<lib_finder disable_auto="1" />
		</Extensions>
	</Project>
</CodeBlocks_project_file>
